
Microsoft Visual Studio Solution File, Format Version 12.00
# Visual Studio Version 17
VisualStudioVersion = 17.13.35825.156 d17.13
MinimumVisualStudioVersion = 10.0.40219.1
Project("{FAE04EC0-301F-11D3-BF4B-00C04F79EFBC}") = "AnimalMatchingGame", "AnimalMatchingGame.csproj", "{0E893E1C-7842-47ED-8EC7-6D0CA60A490F}"
EndProject
Global
	GlobalSection(SolutionConfigurationPlatforms) = preSolution
		Debug|Any CPU = Debug|Any CPU
		Release|Any CPU = Release|Any CPU
	EndGlobalSection
	GlobalSection(ProjectConfigurationPlatforms) = postSolution
		{0E893E1C-7842-47ED-8EC7-6D0CA60A490F}.Debug|Any CPU.ActiveCfg = Debug|Any CPU
		{0E893E1C-7842-47ED-8EC7-6D0CA60A490F}.Debug|Any CPU.Build.0 = Debug|Any CPU
		{0E893E1C-7842-47ED-8EC7-6D0CA60A490F}.Debug|Any CPU.Deploy.0 = Debug|Any CPU
		{0E893E1C-7842-47ED-8EC7-6D0CA60A490F}.Release|Any CPU.ActiveCfg = Release|Any CPU
		{0E893E1C-7842-47ED-8EC7-6D0CA60A490F}.Release|Any CPU.Build.0 = Release|Any CPU
		{0E893E1C-7842-47ED-8EC7-6D0CA60A490F}.Release|Any CPU.Deploy.0 = Release|Any CPU
	EndGlobalSection
	GlobalSection(SolutionProperties) = preSolution
		HideSolutionNode = FALSE
	EndGlobalSection
	GlobalSection(ExtensibilityGlobals) = postSolution
		SolutionGuid = {5832EFCD-30CC-4B97-8CE6-BC11C9212EB4}
	EndGlobalSection
EndGlobal
